
Microsoft Visual Studio Solution File, Format Version 12.00
# Visual Studio Version 16
VisualStudioVersion = 16.0.32929.386
MinimumVisualStudioVersion = 10.0.40219.1
Project("{FAE04EC0-301F-11D3-BF4B-00C04F79EFBC}") = "interfazGrafica", "APPFERIA\interfazGrafica.csproj", "{2424CB69-0A8F-4D5B-AC0F-C98631F7DB47}"
EndProject
Project("{FAE04EC0-301F-11D3-BF4B-00C04F79EFBC}") = "bibliotecaFeria", "bibliotecaFeria\bibliotecaFeria.csproj", "{FBE3B6AF-BA7C-408E-912B-0C4892D86AE1}"
EndProject
Project("{FAE04EC0-301F-11D3-BF4B-00C04F79EFBC}") = "CapaDalcFeria", "CapaDalcFeria\CapaDalcFeria.csproj", "{81B4FCDC-91B5-4635-BCA0-43F8F3467334}"
EndProject
Global
	GlobalSection(SolutionConfigurationPlatforms) = preSolution
		Debug|Any CPU = Debug|Any CPU
		Release|Any CPU = Release|Any CPU
	EndGlobalSection
	GlobalSection(ProjectConfigurationPlatforms) = postSolution
		{2424CB69-0A8F-4D5B-AC0F-C98631F7DB47}.Debug|Any CPU.ActiveCfg = Debug|Any CPU
		{2424CB69-0A8F-4D5B-AC0F-C98631F7DB47}.Debug|Any CPU.Build.0 = Debug|Any CPU
		{2424CB69-0A8F-4D5B-AC0F-C98631F7DB47}.Release|Any CPU.ActiveCfg = Release|Any CPU
		{2424CB69-0A8F-4D5B-AC0F-C98631F7DB47}.Release|Any CPU.Build.0 = Release|Any CPU
		{FBE3B6AF-BA7C-408E-912B-0C4892D86AE1}.Debug|Any CPU.ActiveCfg = Debug|Any CPU
		{FBE3B6AF-BA7C-408E-912B-0C4892D86AE1}.Debug|Any CPU.Build.0 = Debug|Any CPU
		{FBE3B6AF-BA7C-408E-912B-0C4892D86AE1}.Release|Any CPU.ActiveCfg = Release|Any CPU
		{FBE3B6AF-BA7C-408E-912B-0C4892D86AE1}.Release|Any CPU.Build.0 = Release|Any CPU
		{81B4FCDC-91B5-4635-BCA0-43F8F3467334}.Debug|Any CPU.ActiveCfg = Debug|Any CPU
		{81B4FCDC-91B5-4635-BCA0-43F8F3467334}.Debug|Any CPU.Build.0 = Debug|Any CPU
		{81B4FCDC-91B5-4635-BCA0-43F8F3467334}.Release|Any CPU.ActiveCfg = Release|Any CPU
		{81B4FCDC-91B5-4635-BCA0-43F8F3467334}.Release|Any CPU.Build.0 = Release|Any CPU
	EndGlobalSection
	GlobalSection(SolutionProperties) = preSolution
		HideSolutionNode = FALSE
	EndGlobalSection
	GlobalSection(ExtensibilityGlobals) = postSolution
		SolutionGuid = {98BE382B-862F-4D45-B4F9-25B94014862F}
	EndGlobalSection
EndGlobal
